
Microsoft Visual Studio Solution File, Format Version 12.00
# Visual Studio Version 17
VisualStudioVersion = 17.4.33213.308
MinimumVisualStudioVersion = 10.0.40219.1
Project("{9A19103F-16F7-4668-BE54-9A1E7A4F7556}") = "BuildMaterials", "BuildMaterials.csproj", "{2D18AFAD-3F70-421A-AA07-32A725305C6E}"
EndProject
Project("{2150E333-8FDC-42A3-9474-1A3956D46DE8}") = "Solution Items", "Solution Items", "{0D16FB82-2213-4D8F-86F9-01A2649BEFF1}"
	ProjectSection(SolutionItems) = preProject
		.editorconfig = .editorconfig
	EndProjectSection
EndProject
Project("{9A19103F-16F7-4668-BE54-9A1E7A4F7556}") = "UNPRead", "..\UNPReader\UNPRead.csproj", "{F96C7AA3-A84F-4E80-9E91-99952F1B61BC}"
EndProject
Project("{9A19103F-16F7-4668-BE54-9A1E7A4F7556}") = "FilterDataGrid", "..\FilterDataGrid\FilterDataGrid.csproj", "{6F12EB99-D6B4-425C-9853-53BEDFD1522B}"
EndProject
Global
	GlobalSection(SolutionConfigurationPlatforms) = preSolution
		Debug|Any CPU = Debug|Any CPU
		Debug|x64 = Debug|x64
		Debug|x86 = Debug|x86
		Release|Any CPU = Release|Any CPU
		Release|x64 = Release|x64
		Release|x86 = Release|x86
	EndGlobalSection
	GlobalSection(ProjectConfigurationPlatforms) = postSolution
		{2D18AFAD-3F70-421A-AA07-32A725305C6E}.Debug|Any CPU.ActiveCfg = Debug|Any CPU
		{2D18AFAD-3F70-421A-AA07-32A725305C6E}.Debug|Any CPU.Build.0 = Debug|Any CPU
		{2D18AFAD-3F70-421A-AA07-32A725305C6E}.Debug|x64.ActiveCfg = Debug|x64
		{2D18AFAD-3F70-421A-AA07-32A725305C6E}.Debug|x64.Build.0 = Debug|x64
		{2D18AFAD-3F70-421A-AA07-32A725305C6E}.Debug|x86.ActiveCfg = Debug|x86
		{2D18AFAD-3F70-421A-AA07-32A725305C6E}.Debug|x86.Build.0 = Debug|x86
		{2D18AFAD-3F70-421A-AA07-32A725305C6E}.Release|Any CPU.ActiveCfg = Release|Any CPU
		{2D18AFAD-3F70-421A-AA07-32A725305C6E}.Release|Any CPU.Build.0 = Release|Any CPU
		{2D18AFAD-3F70-421A-AA07-32A725305C6E}.Release|x64.ActiveCfg = Release|x64
		{2D18AFAD-3F70-421A-AA07-32A725305C6E}.Release|x64.Build.0 = Release|x64
		{2D18AFAD-3F70-421A-AA07-32A725305C6E}.Release|x86.ActiveCfg = Release|x86
		{2D18AFAD-3F70-421A-AA07-32A725305C6E}.Release|x86.Build.0 = Release|x86
		{F96C7AA3-A84F-4E80-9E91-99952F1B61BC}.Debug|Any CPU.ActiveCfg = Debug|Any CPU
		{F96C7AA3-A84F-4E80-9E91-99952F1B61BC}.Debug|Any CPU.Build.0 = Debug|Any CPU
		{F96C7AA3-A84F-4E80-9E91-99952F1B61BC}.Debug|x64.ActiveCfg = Debug|Any CPU
		{F96C7AA3-A84F-4E80-9E91-99952F1B61BC}.Debug|x64.Build.0 = Debug|Any CPU
		{F96C7AA3-A84F-4E80-9E91-99952F1B61BC}.Debug|x86.ActiveCfg = Debug|Any CPU
		{F96C7AA3-A84F-4E80-9E91-99952F1B61BC}.Debug|x86.Build.0 = Debug|Any CPU
		{F96C7AA3-A84F-4E80-9E91-99952F1B61BC}.Release|Any CPU.ActiveCfg = Release|Any CPU
		{F96C7AA3-A84F-4E80-9E91-99952F1B61BC}.Release|Any CPU.Build.0 = Release|Any CPU
		{F96C7AA3-A84F-4E80-9E91-99952F1B61BC}.Release|x64.ActiveCfg = Release|Any CPU
		{F96C7AA3-A84F-4E80-9E91-99952F1B61BC}.Release|x64.Build.0 = Release|Any CPU
		{F96C7AA3-A84F-4E80-9E91-99952F1B61BC}.Release|x86.ActiveCfg = Release|Any CPU
		{F96C7AA3-A84F-4E80-9E91-99952F1B61BC}.Release|x86.Build.0 = Release|Any CPU
		{6F12EB99-D6B4-425C-9853-53BEDFD1522B}.Debug|Any CPU.ActiveCfg = Debug|Any CPU
		{6F12EB99-D6B4-425C-9853-53BEDFD1522B}.Debug|Any CPU.Build.0 = Debug|Any CPU
		{6F12EB99-D6B4-425C-9853-53BEDFD1522B}.Debug|x64.ActiveCfg = Debug|Any CPU
		{6F12EB99-D6B4-425C-9853-53BEDFD1522B}.Debug|x64.Build.0 = Debug|Any CPU
		{6F12EB99-D6B4-425C-9853-53BEDFD1522B}.Debug|x86.ActiveCfg = Debug|Any CPU
		{6F12EB99-D6B4-425C-9853-53BEDFD1522B}.Debug|x86.Build.0 = Debug|Any CPU
		{6F12EB99-D6B4-425C-9853-53BEDFD1522B}.Release|Any CPU.ActiveCfg = Release|Any CPU
		{6F12EB99-D6B4-425C-9853-53BEDFD1522B}.Release|Any CPU.Build.0 = Release|Any CPU
		{6F12EB99-D6B4-425C-9853-53BEDFD1522B}.Release|x64.ActiveCfg = Release|Any CPU
		{6F12EB99-D6B4-425C-9853-53BEDFD1522B}.Release|x64.Build.0 = Release|Any CPU
		{6F12EB99-D6B4-425C-9853-53BEDFD1522B}.Release|x86.ActiveCfg = Release|Any CPU
		{6F12EB99-D6B4-425C-9853-53BEDFD1522B}.Release|x86.Build.0 = Release|Any CPU
	EndGlobalSection
	GlobalSection(SolutionProperties) = preSolution
		HideSolutionNode = FALSE
	EndGlobalSection
	GlobalSection(ExtensibilityGlobals) = postSolution
		SolutionGuid = {FB0FC935-A2EC-4BC3-89BF-51725B77DC31}
	EndGlobalSection
EndGlobal
